
Microsoft Visual Studio Solution File, Format Version 12.00
# Visual Studio Version 16
VisualStudioVersion = 16.0.28803.202
MinimumVisualStudioVersion = 10.0.40219.1
Project("{FAE04EC0-301F-11D3-BF4B-00C04F79EFBC}") = "Interest", "WindowsFormsApp2\Interest.csproj", "{58783EA8-0A92-4139-8577-1B27CC822E66}"
EndProject
Project("{FAE04EC0-301F-11D3-BF4B-00C04F79EFBC}") = "Int.Test", "Int.Test\Int.Test.csproj", "{F8A67B2B-2D52-472B-BC8A-E942F5D71D12}"
EndProject
Global
	GlobalSection(SolutionConfigurationPlatforms) = preSolution
		Debug|Any CPU = Debug|Any CPU
		Release|Any CPU = Release|Any CPU
	EndGlobalSection
	GlobalSection(ProjectConfigurationPlatforms) = postSolution
		{58783EA8-0A92-4139-8577-1B27CC822E66}.Debug|Any CPU.ActiveCfg = Debug|Any CPU
		{58783EA8-0A92-4139-8577-1B27CC822E66}.Debug|Any CPU.Build.0 = Debug|Any CPU
		{58783EA8-0A92-4139-8577-1B27CC822E66}.Release|Any CPU.ActiveCfg = Release|Any CPU
		{58783EA8-0A92-4139-8577-1B27CC822E66}.Release|Any CPU.Build.0 = Release|Any CPU
		{F8A67B2B-2D52-472B-BC8A-E942F5D71D12}.Debug|Any CPU.ActiveCfg = Debug|Any CPU
		{F8A67B2B-2D52-472B-BC8A-E942F5D71D12}.Debug|Any CPU.Build.0 = Debug|Any CPU
		{F8A67B2B-2D52-472B-BC8A-E942F5D71D12}.Release|Any CPU.ActiveCfg = Release|Any CPU
		{F8A67B2B-2D52-472B-BC8A-E942F5D71D12}.Release|Any CPU.Build.0 = Release|Any CPU
	EndGlobalSection
	GlobalSection(SolutionProperties) = preSolution
		HideSolutionNode = FALSE
	EndGlobalSection
	GlobalSection(ExtensibilityGlobals) = postSolution
		SolutionGuid = {6F2929C3-709A-4C67-A358-5A688033BE6B}
	EndGlobalSection
EndGlobal
